<?xml version="1.0" encoding="utf-8"?>
<Project ToolsVersion="4.0" xmlns="http://schemas.microsoft.com/developer/msbuild/2003">
  <ItemGroup>
    <Filter Include="Resource Files">
      <UniqueIdentifier>{67DA6AB6-F800-4c08-8B7A-83BB121AAD01}</UniqueIdentifier>
      <Extensions>rc;ico;cur;bmp;dlg;rc2;rct;bin;rgs;gif;jpg;jpeg;jpe;resx;tiff;tif;png;wav;mfcribbon-ms</Extensions>
    </Filter>
    <Filter Include="lib">
      <UniqueIdentifier>{316501c4-f805-443a-8e86-f80675082e33}</UniqueIdentifier>
    </Filter>
    <Filter Include="src">
      <UniqueIdentifier>{44b0c67e-2322-4894-b5fa-14e9b48f2917}</UniqueIdentifier>
    </Filter>
    <Filter Include="src\Source Files">
      <UniqueIdentifier>{4FC737F1-C7A5-4376-A066-2A32D752A2FF}</UniqueIdentifier>
      <Extensions>cpp;c;cc;cxx;def;odl;idl;hpj;bat;asm;asmx</Extensions>
    </Filter>
    <Filter Include="src\Header Files">
      <UniqueIdentifier>{93995380-89BD-4b04-88EB-625FBE52EBFB}</UniqueIdentifier>
      <Extensions>h;hpp;hxx;hm;inl;inc;xsd</Extensions>
    </Filter>
    <Filter Include="include">
      <UniqueIdentifier>{4723ce5d-b752-4290-8469-2c5e762bd519}</UniqueIdentifier>
    </Filter>
    <Filter Include="extras">
      <UniqueIdentifier>{34011894-56b1-420e-880f-9ba8adef63d2}</UniqueIdentifier>
    </Filter>
  </ItemGroup>
  <ItemGroup>
    <ClCompile Include="src\Alien.cpp">
      <Filter>src\Source Files</Filter>
    </ClCompile>
    <ClCompile Include="src\Canon.cpp">
      <Filter>src\Source Files</Filter>
    </ClCompile>
    <ClCompile Include="src\GameController.cpp">
      <Filter>src\Source Files</Filter>
    </ClCompile>
    <ClCompile Include="src\Shield.cpp">
      <Filter>src\Source Files</Filter>
    </ClCompile>
    <ClCompile Include="src\Camera.cpp">
      <Filter>src\Source Files</Filter>
    </ClCompile>
    <ClCompile Include="src\Bullet.cpp">
      <Filter>src\Source Files</Filter>
    </ClCompile>
    <ClCompile Include="src\Material.cpp">
      <Filter>src\Source Files</Filter>
    </ClCompile>
    <ClCompile Include="src\BackGround.cpp">
      <Filter>src\Source Files</Filter>
    </ClCompile>
    <ClCompile Include="src\Collider.cpp">
      <Filter>src\Source Files</Filter>
    </ClCompile>
    <ClCompile Include="src\Particle.cpp">
      <Filter>src\Source Files</Filter>
    </ClCompile>
    <ClCompile Include="src\ParticleManager.cpp">
      <Filter>src\Source Files</Filter>
    </ClCompile>
    <ClCompile Include="src\Space_Invaders.cpp">
      <Filter>src\Source Files</Filter>
    </ClCompile>
    <ClCompile Include="lib\glbmp.c">
      <Filter>lib</Filter>
    </ClCompile>
  </ItemGroup>
  <ItemGroup>
    <ClInclude Include="src\Alien.h">
      <Filter>src\Header Files</Filter>
    </ClInclude>
    <ClInclude Include="src\Canon.h">
      <Filter>src\Header Files</Filter>
    </ClInclude>
    <ClInclude Include="src\GameController.h">
      <Filter>src\Header Files</Filter>
    </ClInclude>
    <ClInclude Include="src\Shield.h">
      <Filter>src\Header Files</Filter>
    </ClInclude>
    <ClInclude Include="src\SpaceInvaders.h">
      <Filter>src\Header Files</Filter>
    </ClInclude>
    <ClInclude Include="src\Camera.h">
      <Filter>src\Header Files</Filter>
    </ClInclude>
    <ClInclude Include="src\Bullet.h">
      <Filter>src\Header Files</Filter>
    </ClInclude>
    <ClInclude Include="src\Material.h">
      <Filter>src\Header Files</Filter>
    </ClInclude>
    <ClInclude Include="src\BackGround.h">
      <Filter>src\Header Files</Filter>
    </ClInclude>
    <ClInclude Include="src\Collider.h">
      <Filter>src\Header Files</Filter>
    </ClInclude>
    <ClInclude Include="src\Particle.h">
      <Filter>src\Header Files</Filter>
    </ClInclude>
    <ClInclude Include="src\ParticleManager.h">
      <Filter>src\Header Files</Filter>
    </ClInclude>
    <ClInclude Include="include\glut.h">
      <Filter>include</Filter>
    </ClInclude>
    <ClInclude Include="include\glbmp.h">
      <Filter>include</Filter>
    </ClInclude>
  </ItemGroup>
  <ItemGroup>
    <None Include="lib\glut.def">
      <Filter>lib</Filter>
    </None>
  </ItemGroup>
  <ItemGroup>
    <Library Include="lib\glut32.lib">
      <Filter>lib</Filter>
    </Library>
  </ItemGroup>
  <ItemGroup>
    <CopyFileToFolders Include="lib\glut32.dll">
      <Filter>lib</Filter>
    </CopyFileToFolders>
  </ItemGroup>
</Project>